// !$*UTF8*$!
{
	archiveVersion = 1;
	classes = {
	};
	objectVersion = 50;
	objects = {

/* Begin PBXBuildFile section */
		2BCE05B690628136C2E28FC8 /* Pods_AccelerateFFT.framework in Frameworks */ = {isa = PBXBuildFile; fileRef = 23C501CF0CE81D1E41526073 /* Pods_AccelerateFFT.framework */; };
		5F47B80C238B19C2008A5F88 /* AccelerateFFT.h in Headers */ = {isa = PBXBuildFile; fileRef = 5F47B80A238B19C2008A5F88 /* AccelerateFFT.h */; settings = {ATTRIBUTES = (Public, ); }; };
/* End PBXBuildFile section */

/* Begin PBXFileReference section */
		23C501CF0CE81D1E41526073 /* Pods_AccelerateFFT.framework */ = {isa = PBXFileReference; explicitFileType = wrapper.framework; includeInIndex = 0; path = Pods_AccelerateFFT.framework; sourceTree = BUILT_PRODUCTS_DIR; };
		25AB4EB4AC48DB278945A5AF /* Pods-AccelerateFFT.release.xcconfig */ = {isa = PBXFileReference; includeInIndex = 1; lastKnownFileType = text.xcconfig; name = "Pods-AccelerateFFT.release.xcconfig"; path = "Target Support Files/Pods-AccelerateFFT/Pods-AccelerateFFT.release.xcconfig"; sourceTree = "<group>"; };
		5F47B807238B19C2008A5F88 /* AccelerateFFT.framework */ = {isa = PBXFileReference; explicitFileType = wrapper.framework; includeInIndex = 0; path = AccelerateFFT.framework; sourceTree = BUILT_PRODUCTS_DIR; };
		5F47B80A238B19C2008A5F88 /* AccelerateFFT.h */ = {isa = PBXFileReference; lastKnownFileType = sourcecode.c.h; path = AccelerateFFT.h; sourceTree = "<group>"; };
		5F47B80B238B19C2008A5F88 /* Info.plist */ = {isa = PBXFileReference; lastKnownFileType = text.plist.xml; path = Info.plist; sourceTree = "<group>"; };
		5F47C5EF238CA76C00D3D14E /* AccelerateFFT_Starter.playground */ = {isa = PBXFileReference; lastKnownFileType = file.playground; path = AccelerateFFT_Starter.playground; sourceTree = "<group>"; xcLanguageSpecificationIdentifier = xcode.lang.swift; };
		5FF17D28238F100B0054A45F /* PitchDetection.playground */ = {isa = PBXFileReference; lastKnownFileType = file.playground; path = PitchDetection.playground; sourceTree = "<group>"; xcLanguageSpecificationIdentifier = xcode.lang.swift; };
		5FFFD87F238B1F2E00A4F9FF /* AccelerateFFT.playground */ = {isa = PBXFileReference; lastKnownFileType = file.playground; path = AccelerateFFT.playground; sourceTree = "<group>"; xcLanguageSpecificationIdentifier = xcode.lang.swift; };
		FFB0FAC54E16688B3DCEF0A9 /* Pods-AccelerateFFT.debug.xcconfig */ = {isa = PBXFileReference; includeInIndex = 1; lastKnownFileType = text.xcconfig; name = "Pods-AccelerateFFT.debug.xcconfig"; path = "Target Support Files/Pods-AccelerateFFT/Pods-AccelerateFFT.debug.xcconfig"; sourceTree = "<group>"; };
/* End PBXFileReference section */

/* Begin PBXFrameworksBuildPhase section */
		5F47B804238B19C2008A5F88 /* Frameworks */ = {
			isa = PBXFrameworksBuildPhase;
			buildActionMask = 2147483647;
			files = (
				2BCE05B690628136C2E28FC8 /* Pods_AccelerateFFT.framework in Frameworks */,
			);
			runOnlyForDeploymentPostprocessing = 0;
		};
/* End PBXFrameworksBuildPhase section */

/* Begin PBXGroup section */
		5F47B7FD238B19C2008A5F88 = {
			isa = PBXGroup;
			children = (
				5F47C5EF238CA76C00D3D14E /* AccelerateFFT_Starter.playground */,
				5FFFD87F238B1F2E00A4F9FF /* AccelerateFFT.playground */,
				5FF17D28238F100B0054A45F /* PitchDetection.playground */,
				5F47B809238B19C2008A5F88 /* AccelerateFFT */,
				5F47B808238B19C2008A5F88 /* Products */,
				901B7035B704B9F2465AB9F1 /* Pods */,
				7AE5F4041586313F2C34A4B2 /* Frameworks */,
			);
			sourceTree = "<group>";
		};
		5F47B808238B19C2008A5F88 /* Products */ = {
			isa = PBXGroup;
			children = (
				5F47B807238B19C2008A5F88 /* AccelerateFFT.framework */,
			);
			name = Products;
			sourceTree = "<group>";
		};
		5F47B809238B19C2008A5F88 /* AccelerateFFT */ = {
			isa = PBXGroup;
			children = (
				5F47B80A238B19C2008A5F88 /* AccelerateFFT.h */,
				5F47B80B238B19C2008A5F88 /* Info.plist */,
			);
			path = AccelerateFFT;
			sourceTree = "<group>";
		};
		7AE5F4041586313F2C34A4B2 /* Frameworks */ = {
			isa = PBXGroup;
			children = (
				23C501CF0CE81D1E41526073 /* Pods_AccelerateFFT.framework */,
			);
			name = Frameworks;
			sourceTree = "<group>";
		};
		901B7035B704B9F2465AB9F1 /* Pods */ = {
			isa = PBXGroup;
			children = (
				FFB0FAC54E16688B3DCEF0A9 /* Pods-AccelerateFFT.debug.xcconfig */,
				25AB4EB4AC48DB278945A5AF /* Pods-AccelerateFFT.release.xcconfig */,
			);
			path = Pods;
			sourceTree = "<group>";
		};
/* End PBXGroup section */

/* Begin PBXHeadersBuildPhase section */
		5F47B802238B19C2008A5F88 /* Headers */ = {
			isa = PBXHeadersBuildPhase;
			buildActionMask = 2147483647;
			files = (
				5F47B80C238B19C2008A5F88 /* AccelerateFFT.h in Headers */,
			);
			runOnlyForDeploymentPostprocessing = 0;
		};
/* End PBXHeadersBuildPhase section */

/* Begin PBXNativeTarget section */
		5F47B806238B19C2008A5F88 /* AccelerateFFT */ = {
			isa = PBXNativeTarget;
			buildConfigurationList = 5F47B80F238B19C2008A5F88 /* Build configuration list for PBXNativeTarget "AccelerateFFT" */;
			buildPhases = (
				805EFE34165CC58E36EA4FF3 /* [CP] Check Pods Manifest.lock */,
				5F47B802238B19C2008A5F88 /* Headers */,
				5F47B803238B19C2008A5F88 /* Sources */,
				5F47B804238B19C2008A5F88 /* Frameworks */,
				5F47B805238B19C2008A5F88 /* Resources */,
			);
			buildRules = (
			);
			dependencies = (
			);
			name = AccelerateFFT;
			productName = AccelerateFFT;
			productReference = 5F47B807238B19C2008A5F88 /* AccelerateFFT.framework */;
			productType = "com.apple.product-type.framework";
		};
/* End PBXNativeTarget section */

/* Begin PBXProject section */
		5F47B7FE238B19C2008A5F88 /* Project object */ = {
			isa = PBXProject;
			attributes = {
				LastUpgradeCheck = 1120;
				ORGANIZATIONNAME = "Edward Samson";
				TargetAttributes = {
					5F47B806238B19C2008A5F88 = {
						CreatedOnToolsVersion = 11.2.1;
					};
				};
			};
			buildConfigurationList = 5F47B801238B19C2008A5F88 /* Build configuration list for PBXProject "AccelerateFFT" */;
			compatibilityVersion = "Xcode 9.3";
			developmentRegion = en;
			hasScannedForEncodings = 0;
			knownRegions = (
				en,
				Base,
			);
			mainGroup = 5F47B7FD238B19C2008A5F88;
			productRefGroup = 5F47B808238B19C2008A5F88 /* Products */;
			projectDirPath = "";
			projectRoot = "";
			targets = (
				5F47B806238B19C2008A5F88 /* AccelerateFFT */,
			);
		};
/* End PBXProject section */

/* Begin PBXResourcesBuildPhase section */
		5F47B805238B19C2008A5F88 /* Resources */ = {
			isa = PBXResourcesBuildPhase;
			buildActionMask = 2147483647;
			files = (
			);
			runOnlyForDeploymentPostprocessing = 0;
		};
/* End PBXResourcesBuildPhase section */

/* Begin PBXShellScriptBuildPhase section */
		805EFE34165CC58E36EA4FF3 /* [CP] Check Pods Manifest.lock */ = {
			isa = PBXShellScriptBuildPhase;
			buildActionMask = 2147483647;
			files = (
			);
			inputFileListPaths = (
			);
			inputPaths = (
				"${PODS_PODFILE_DIR_PATH}/Podfile.lock",
				"${PODS_ROOT}/Manifest.lock",
			);
			name = "[CP] Check Pods Manifest.lock";
			outputFileListPaths = (
			);
			outputPaths = (
				"$(DERIVED_FILE_DIR)/Pods-AccelerateFFT-checkManifestLockResult.txt",
			);
			runOnlyForDeploymentPostprocessing = 0;
			shellPath = /bin/sh;
			shellScript = "diff \"${PODS_PODFILE_DIR_PATH}/Podfile.lock\" \"${PODS_ROOT}/Manifest.lock\" > /dev/null\nif [ $? != 0 ] ; then\n    # print error to STDERR\n    echo \"error: The sandbox is not in sync with the Podfile.lock. Run 'pod install' or update your CocoaPods installation.\" >&2\n    exit 1\nfi\n# This output is used by Xcode 'outputs' to avoid re-running this script phase.\necho \"SUCCESS\" > \"${SCRIPT_OUTPUT_FILE_0}\"\n";
			showEnvVarsInLog = 0;
		};
/* End PBXShellScriptBuildPhase section */

/* Begin PBXSourcesBuildPhase section */
		5F47B803238B19C2008A5F88 /* Sources */ = {
			isa = PBXSourcesBuildPhase;
			buildActionMask = 2147483647;
			files = (
			);
			runOnlyForDeploymentPostprocessing = 0;
		};
/* End PBXSourcesBuildPhase section */

/* Begin XCBuildConfiguration section */
		5F47B80D238B19C2008A5F88 /* Debug */ = {
			isa = XCBuildConfiguration;
			buildSettings = {
				ALWAYS_SEARCH_USER_PATHS = NO;
				CLANG_ANALYZER_NONNULL = YES;
				CLANG_ANALYZER_NUMBER_OBJECT_CONVERSION = YES_AGGRESSIVE;
				CLANG_CXX_LANGUAGE_STANDARD = "gnu++14";
				CLANG_CXX_LIBRARY = "libc++";
				CLANG_ENABLE_MODULES = YES;
				CLANG_ENABLE_OBJC_ARC = YES;
				CLANG_ENABLE_OBJC_WEAK = YES;
				CLANG_WARN_BLOCK_CAPTURE_AUTORELEASING = YES;
				CLANG_WARN_BOOL_CONVERSION = YES;
				CLANG_WARN_COMMA = YES;
				CLANG_WARN_CONSTANT_CONVERSION = YES;
				CLANG_WARN_DEPRECATED_OBJC_IMPLEMENTATIONS = YES;
				CLANG_WARN_DIRECT_OBJC_ISA_USAGE = YES_ERROR;
				CLANG_WARN_DOCUMENTATION_COMMENTS = YES;
				CLANG_WARN_EMPTY_BODY = YES;
				CLANG_WARN_ENUM_CONVERSION = YES;
				CLANG_WARN_INFINITE_RECURSION = YES;
				CLANG_WARN_INT_CONVERSION = YES;
				CLANG_WARN_NON_LITERAL_NULL_CONVERSION = YES;
				CLANG_WARN_OBJC_IMPLICIT_RETAIN_SELF = YES;
				CLANG_WARN_OBJC_LITERAL_CONVERSION = YES;
				CLANG_WARN_OBJC_ROOT_CLASS = YES_ERROR;
				CLANG_WARN_RANGE_LOOP_ANALYSIS = YES;
				CLANG_WARN_STRICT_PROTOTYPES = YES;
				CLANG_WARN_SUSPICIOUS_MOVE = YES;
				CLANG_WARN_UNGUARDED_AVAILABILITY = YES_AGGRESSIVE;
				CLANG_WARN_UNREACHABLE_CODE = YES;
				CLANG_WARN__DUPLICATE_METHOD_MATCH = YES;
				COPY_PHASE_STRIP = NO;
				CURRENT_PROJECT_VERSION = 1;
				DEBUG_INFORMATION_FORMAT = dwarf;
				ENABLE_STRICT_OBJC_MSGSEND = YES;
				ENABLE_TESTABILITY = YES;
				GCC_C_LANGUAGE_STANDARD = gnu11;
				GCC_DYNAMIC_NO_PIC = NO;
				GCC_NO_COMMON_BLOCKS = YES;
				GCC_OPTIMIZATION_LEVEL = 0;
				GCC_PREPROCESSOR_DEFINITIONS = (
					"DEBUG=1",
					"$(inherited)",
				);
				GCC_WARN_64_TO_32_BIT_CONVERSION = YES;
				GCC_WARN_ABOUT_RETURN_TYPE = YES_ERROR;
				GCC_WARN_UNDECLARED_SELECTOR = YES;
				GCC_WARN_UNINITIALIZED_AUTOS = YES_AGGRESSIVE;
				GCC_WARN_UNUSED_FUNCTION = YES;
				GCC_WARN_UNUSED_VARIABLE = YES;
				IPHONEOS_DEPLOYMENT_TARGET = 13.2;
				MTL_ENABLE_DEBUG_INFO = INCLUDE_SOURCE;
				MTL_FAST_MATH = YES;
				ONLY_ACTIVE_ARCH = YES;
				SDKROOT = iphoneos;
				SWIFT_ACTIVE_COMPILATION_CONDITIONS = DEBUG;
				SWIFT_OPTIMIZATION_LEVEL = "-Onone";
				VERSIONING_SYSTEM = "apple-generic";
				VERSION_INFO_PREFIX = "";
			};
			name = Debug;
		};
		5F47B80E238B19C2008A5F88 /* Release */ = {
			isa = XCBuildConfiguration;
			buildSettings = {
				ALWAYS_SEARCH_USER_PATHS = NO;
				CLANG_ANALYZER_NONNULL = YES;
				CLANG_ANALYZER_NUMBER_OBJECT_CONVERSION = YES_AGGRESSIVE;
				CLANG_CXX_LANGUAGE_STANDARD = "gnu++14";
				CLANG_CXX_LIBRARY = "libc++";
				CLANG_ENABLE_MODULES = YES;
				CLANG_ENABLE_OBJC_ARC = YES;
				CLANG_ENABLE_OBJC_WEAK = YES;
				CLANG_WARN_BLOCK_CAPTURE_AUTORELEASING = YES;
				CLANG_WARN_BOOL_CONVERSION = YES;
				CLANG_WARN_COMMA = YES;
				CLANG_WARN_CONSTANT_CONVERSION = YES;
				CLANG_WARN_DEPRECATED_OBJC_IMPLEMENTATIONS = YES;
				CLANG_WARN_DIRECT_OBJC_ISA_USAGE = YES_ERROR;
				CLANG_WARN_DOCUMENTATION_COMMENTS = YES;
				CLANG_WARN_EMPTY_BODY = YES;
				CLANG_WARN_ENUM_CONVERSION = YES;
				CLANG_WARN_INFINITE_RECURSION = YES;
				CLANG_WARN_INT_CONVERSION = YES;
				CLANG_WARN_NON_LITERAL_NULL_CONVERSION = YES;
				CLANG_WARN_OBJC_IMPLICIT_RETAIN_SELF = YES;
				CLANG_WARN_OBJC_LITERAL_CONVERSION = YES;
				CLANG_WARN_OBJC_ROOT_CLASS = YES_ERROR;
				CLANG_WARN_RANGE_LOOP_ANALYSIS = YES;
				CLANG_WARN_STRICT_PROTOTYPES = YES;
				CLANG_WARN_SUSPICIOUS_MOVE = YES;
				CLANG_WARN_UNGUARDED_AVAILABILITY = YES_AGGRESSIVE;
				CLANG_WARN_UNREACHABLE_CODE = YES;
				CLANG_WARN__DUPLICATE_METHOD_MATCH = YES;
				COPY_PHASE_STRIP = NO;
				CURRENT_PROJECT_VERSION = 1;
				DEBUG_INFORMATION_FORMAT = "dwarf-with-dsym";
				ENABLE_NS_ASSERTIONS = NO;
				ENABLE_STRICT_OBJC_MSGSEND = YES;
				GCC_C_LANGUAGE_STANDARD = gnu11;
				GCC_NO_COMMON_BLOCKS = YES;
				GCC_WARN_64_TO_32_BIT_CONVERSION = YES;
				GCC_WARN_ABOUT_RETURN_TYPE = YES_ERROR;
				GCC_WARN_UNDECLARED_SELECTOR = YES;
				GCC_WARN_UNINITIALIZED_AUTOS = YES_AGGRESSIVE;
				GCC_WARN_UNUSED_FUNCTION = YES;
				GCC_WARN_UNUSED_VARIABLE = YES;
				IPHONEOS_DEPLOYMENT_TARGET = 13.2;
				MTL_ENABLE_DEBUG_INFO = NO;
				MTL_FAST_MATH = YES;
				SDKROOT = iphoneos;
				SWIFT_COMPILATION_MODE = wholemodule;
				SWIFT_OPTIMIZATION_LEVEL = "-O";
				VALIDATE_PRODUCT = YES;
				VERSIONING_SYSTEM = "apple-generic";
				VERSION_INFO_PREFIX = "";
			};
			name = Release;
		};
		5F47B810238B19C2008A5F88 /* Debug */ = {
			isa = XCBuildConfiguration;
			baseConfigurationReference = FFB0FAC54E16688B3DCEF0A9 /* Pods-AccelerateFFT.debug.xcconfig */;
			buildSettings = {
				CODE_SIGN_STYLE = Automatic;
				DEFINES_MODULE = YES;
				DEVELOPMENT_TEAM = KBN4UJJ564;
				DYLIB_COMPATIBILITY_VERSION = 1;
				DYLIB_CURRENT_VERSION = 1;
				DYLIB_INSTALL_NAME_BASE = "@rpath";
				INFOPLIST_FILE = AccelerateFFT/Info.plist;
				INSTALL_PATH = "$(LOCAL_LIBRARY_DIR)/Frameworks";
				LD_RUNPATH_SEARCH_PATHS = (
					"$(inherited)",
					"@executable_path/Frameworks",
					"@loader_path/Frameworks",
				);
				PRODUCT_BUNDLE_IDENTIFIER = com.SamsonLLC.AccelerateFFT;
				PRODUCT_NAME = "$(TARGET_NAME:c99extidentifier)";
				SKIP_INSTALL = YES;
				SWIFT_VERSION = 5.0;
				TARGETED_DEVICE_FAMILY = "1,2";
			};
			name = Debug;
		};
		5F47B811238B19C2008A5F88 /* Release */ = {
			isa = XCBuildConfiguration;
			baseConfigurationReference = 25AB4EB4AC48DB278945A5AF /* Pods-AccelerateFFT.release.xcconfig */;
			buildSettings = {
				CODE_SIGN_STYLE = Automatic;
				DEFINES_MODULE = YES;
				DEVELOPMENT_TEAM = KBN4UJJ564;
				DYLIB_COMPATIBILITY_VERSION = 1;
				DYLIB_CURRENT_VERSION = 1;
				DYLIB_INSTALL_NAME_BASE = "@rpath";
				INFOPLIST_FILE = AccelerateFFT/Info.plist;
				INSTALL_PATH = "$(LOCAL_LIBRARY_DIR)/Frameworks";
				LD_RUNPATH_SEARCH_PATHS = (
					"$(inherited)",
					"@executable_path/Frameworks",
					"@loader_path/Frameworks",
				);
				PRODUCT_BUNDLE_IDENTIFIER = com.SamsonLLC.AccelerateFFT;
				PRODUCT_NAME = "$(TARGET_NAME:c99extidentifier)";
				SKIP_INSTALL = YES;
				SWIFT_VERSION = 5.0;
				TARGETED_DEVICE_FAMILY = "1,2";
			};
			name = Release;
		};
/* End XCBuildConfiguration section */

/* Begin XCConfigurationList section */
		5F47B801238B19C2008A5F88 /* Build configuration list for PBXProject "AccelerateFFT" */ = {
			isa = XCConfigurationList;
			buildConfigurations = (
				5F47B80D238B19C2008A5F88 /* Debug */,
				5F47B80E238B19C2008A5F88 /* Release */,
			);
			defaultConfigurationIsVisible = 0;
			defaultConfigurationName = Release;
		};
		5F47B80F238B19C2008A5F88 /* Build configuration list for PBXNativeTarget "AccelerateFFT" */ = {
			isa = XCConfigurationList;
			buildConfigurations = (
				5F47B810238B19C2008A5F88 /* Debug */,
				5F47B811238B19C2008A5F88 /* Release */,
			);
			defaultConfigurationIsVisible = 0;
			defaultConfigurationName = Release;
		};
/* End XCConfigurationList section */
	};
	rootObject = 5F47B7FE238B19C2008A5F88 /* Project object */;
}
